
Microsoft Visual Studio Solution File, Format Version 12.00
# Visual Studio 14
VisualStudioVersion = 14.0.25123.0
MinimumVisualStudioVersion = 10.0.40219.1
Project("{8BC9CEB8-8B4A-11D0-8D11-00A0C91BC942}") = "Math", "Math\Math.vcxproj", "{0ECD0FE0-60EC-428D-B913-9ECF7DF2FD8B}"
EndProject
Project("{8BC9CEB8-8B4A-11D0-8D11-00A0C91BC942}") = "Logger", "Logger\Logger.vcxproj", "{760B2AD2-1837-45EE-A038-AFA27FB6A759}"
EndProject
Project("{8BC9CEB8-8B4A-11D0-8D11-00A0C91BC942}") = "RHI", "RHI\RHI.vcxproj", "{3D6BF351-A4D3-4C88-BC52-B824B539CDB0}"
	ProjectSection(ProjectDependencies) = postProject
		{760B2AD2-1837-45EE-A038-AFA27FB6A759} = {760B2AD2-1837-45EE-A038-AFA27FB6A759}
		{0ECD0FE0-60EC-428D-B913-9ECF7DF2FD8B} = {0ECD0FE0-60EC-428D-B913-9ECF7DF2FD8B}
	EndProjectSection
EndProject
Project("{8BC9CEB8-8B4A-11D0-8D11-00A0C91BC942}") = "WindowEvent", "WindowEvent\WindowEvent.vcxproj", "{2E2AE26A-E20F-4033-92DB-727D5525F9D9}"
EndProject
Project("{8BC9CEB8-8B4A-11D0-8D11-00A0C91BC942}") = "Time", "Time\Time.vcxproj", "{D29C9A6E-1E80-4445-87B1-54612AC532F7}"
EndProject
Project("{8BC9CEB8-8B4A-11D0-8D11-00A0C91BC942}") = "Image", "Image\Image.vcxproj", "{C9894808-C674-45DC-8963-1002555CE1E9}"
EndProject
Project("{8BC9CEB8-8B4A-11D0-8D11-00A0C91BC942}") = "Material", "Material\Material.vcxproj", "{C66516B4-D879-402F-A2E8-C732C352F8C1}"
EndProject
Project("{8BC9CEB8-8B4A-11D0-8D11-00A0C91BC942}") = "Mesh", "Mesh\Mesh.vcxproj", "{1902A777-FEE8-429E-A92B-63F4DA79B8AD}"
EndProject
Project("{8BC9CEB8-8B4A-11D0-8D11-00A0C91BC942}") = "Core", "Core\Core.vcxproj", "{58F6FD78-8D78-4A88-B3FA-81EF3AA14FDF}"
EndProject
Project("{8BC9CEB8-8B4A-11D0-8D11-00A0C91BC942}") = "Tools", "Tools\Tools.vcxproj", "{39CFE93F-FA98-4383-B830-A0D31A960157}"
EndProject
Project("{8BC9CEB8-8B4A-11D0-8D11-00A0C91BC942}") = "FrogQt", "FrogQt\FrogQt.vcxproj", "{362974A7-5987-4CD0-921A-867F7D4DD1CB}"
EndProject
Global
	GlobalSection(SolutionConfigurationPlatforms) = preSolution
		Debug|x64 = Debug|x64
		Debug|x86 = Debug|x86
		MinSizeRel|x64 = MinSizeRel|x64
		MinSizeRel|x86 = MinSizeRel|x86
		Release|x64 = Release|x64
		Release|x86 = Release|x86
		RelWithDebInfo|x64 = RelWithDebInfo|x64
		RelWithDebInfo|x86 = RelWithDebInfo|x86
	EndGlobalSection
	GlobalSection(ProjectConfigurationPlatforms) = postSolution
		{0ECD0FE0-60EC-428D-B913-9ECF7DF2FD8B}.Debug|x64.ActiveCfg = Debug|x64
		{0ECD0FE0-60EC-428D-B913-9ECF7DF2FD8B}.Debug|x64.Build.0 = Debug|x64
		{0ECD0FE0-60EC-428D-B913-9ECF7DF2FD8B}.Debug|x86.ActiveCfg = Debug|Win32
		{0ECD0FE0-60EC-428D-B913-9ECF7DF2FD8B}.Debug|x86.Build.0 = Debug|Win32
		{0ECD0FE0-60EC-428D-B913-9ECF7DF2FD8B}.MinSizeRel|x64.ActiveCfg = Release|x64
		{0ECD0FE0-60EC-428D-B913-9ECF7DF2FD8B}.MinSizeRel|x64.Build.0 = Release|x64
		{0ECD0FE0-60EC-428D-B913-9ECF7DF2FD8B}.MinSizeRel|x86.ActiveCfg = Release|Win32
		{0ECD0FE0-60EC-428D-B913-9ECF7DF2FD8B}.MinSizeRel|x86.Build.0 = Release|Win32
		{0ECD0FE0-60EC-428D-B913-9ECF7DF2FD8B}.Release|x64.ActiveCfg = Release|x64
		{0ECD0FE0-60EC-428D-B913-9ECF7DF2FD8B}.Release|x64.Build.0 = Release|x64
		{0ECD0FE0-60EC-428D-B913-9ECF7DF2FD8B}.Release|x86.ActiveCfg = Release|Win32
		{0ECD0FE0-60EC-428D-B913-9ECF7DF2FD8B}.Release|x86.Build.0 = Release|Win32
		{0ECD0FE0-60EC-428D-B913-9ECF7DF2FD8B}.RelWithDebInfo|x64.ActiveCfg = Release|x64
		{0ECD0FE0-60EC-428D-B913-9ECF7DF2FD8B}.RelWithDebInfo|x64.Build.0 = Release|x64
		{0ECD0FE0-60EC-428D-B913-9ECF7DF2FD8B}.RelWithDebInfo|x86.ActiveCfg = Release|Win32
		{0ECD0FE0-60EC-428D-B913-9ECF7DF2FD8B}.RelWithDebInfo|x86.Build.0 = Release|Win32
		{760B2AD2-1837-45EE-A038-AFA27FB6A759}.Debug|x64.ActiveCfg = Debug|x64
		{760B2AD2-1837-45EE-A038-AFA27FB6A759}.Debug|x64.Build.0 = Debug|x64
		{760B2AD2-1837-45EE-A038-AFA27FB6A759}.Debug|x86.ActiveCfg = Debug|Win32
		{760B2AD2-1837-45EE-A038-AFA27FB6A759}.Debug|x86.Build.0 = Debug|Win32
		{760B2AD2-1837-45EE-A038-AFA27FB6A759}.MinSizeRel|x64.ActiveCfg = Release|x64
		{760B2AD2-1837-45EE-A038-AFA27FB6A759}.MinSizeRel|x64.Build.0 = Release|x64
		{760B2AD2-1837-45EE-A038-AFA27FB6A759}.MinSizeRel|x86.ActiveCfg = Release|Win32
		{760B2AD2-1837-45EE-A038-AFA27FB6A759}.MinSizeRel|x86.Build.0 = Release|Win32
		{760B2AD2-1837-45EE-A038-AFA27FB6A759}.Release|x64.ActiveCfg = Release|x64
		{760B2AD2-1837-45EE-A038-AFA27FB6A759}.Release|x64.Build.0 = Release|x64
		{760B2AD2-1837-45EE-A038-AFA27FB6A759}.Release|x86.ActiveCfg = Release|Win32
		{760B2AD2-1837-45EE-A038-AFA27FB6A759}.Release|x86.Build.0 = Release|Win32
		{760B2AD2-1837-45EE-A038-AFA27FB6A759}.RelWithDebInfo|x64.ActiveCfg = Release|x64
		{760B2AD2-1837-45EE-A038-AFA27FB6A759}.RelWithDebInfo|x64.Build.0 = Release|x64
		{760B2AD2-1837-45EE-A038-AFA27FB6A759}.RelWithDebInfo|x86.ActiveCfg = Release|Win32
		{760B2AD2-1837-45EE-A038-AFA27FB6A759}.RelWithDebInfo|x86.Build.0 = Release|Win32
		{3D6BF351-A4D3-4C88-BC52-B824B539CDB0}.Debug|x64.ActiveCfg = Debug|x64
		{3D6BF351-A4D3-4C88-BC52-B824B539CDB0}.Debug|x64.Build.0 = Debug|x64
		{3D6BF351-A4D3-4C88-BC52-B824B539CDB0}.Debug|x86.ActiveCfg = Debug|Win32
		{3D6BF351-A4D3-4C88-BC52-B824B539CDB0}.Debug|x86.Build.0 = Debug|Win32
		{3D6BF351-A4D3-4C88-BC52-B824B539CDB0}.MinSizeRel|x64.ActiveCfg = Release|x64
		{3D6BF351-A4D3-4C88-BC52-B824B539CDB0}.MinSizeRel|x64.Build.0 = Release|x64
		{3D6BF351-A4D3-4C88-BC52-B824B539CDB0}.MinSizeRel|x86.ActiveCfg = Release|Win32
		{3D6BF351-A4D3-4C88-BC52-B824B539CDB0}.MinSizeRel|x86.Build.0 = Release|Win32
		{3D6BF351-A4D3-4C88-BC52-B824B539CDB0}.Release|x64.ActiveCfg = Release|x64
		{3D6BF351-A4D3-4C88-BC52-B824B539CDB0}.Release|x64.Build.0 = Release|x64
		{3D6BF351-A4D3-4C88-BC52-B824B539CDB0}.Release|x86.ActiveCfg = Release|Win32
		{3D6BF351-A4D3-4C88-BC52-B824B539CDB0}.Release|x86.Build.0 = Release|Win32
		{3D6BF351-A4D3-4C88-BC52-B824B539CDB0}.RelWithDebInfo|x64.ActiveCfg = Release|x64
		{3D6BF351-A4D3-4C88-BC52-B824B539CDB0}.RelWithDebInfo|x64.Build.0 = Release|x64
		{3D6BF351-A4D3-4C88-BC52-B824B539CDB0}.RelWithDebInfo|x86.ActiveCfg = Release|Win32
		{3D6BF351-A4D3-4C88-BC52-B824B539CDB0}.RelWithDebInfo|x86.Build.0 = Release|Win32
		{2E2AE26A-E20F-4033-92DB-727D5525F9D9}.Debug|x64.ActiveCfg = Debug|x64
		{2E2AE26A-E20F-4033-92DB-727D5525F9D9}.Debug|x64.Build.0 = Debug|x64
		{2E2AE26A-E20F-4033-92DB-727D5525F9D9}.Debug|x86.ActiveCfg = Debug|Win32
		{2E2AE26A-E20F-4033-92DB-727D5525F9D9}.Debug|x86.Build.0 = Debug|Win32
		{2E2AE26A-E20F-4033-92DB-727D5525F9D9}.MinSizeRel|x64.ActiveCfg = Release|x64
		{2E2AE26A-E20F-4033-92DB-727D5525F9D9}.MinSizeRel|x64.Build.0 = Release|x64
		{2E2AE26A-E20F-4033-92DB-727D5525F9D9}.MinSizeRel|x86.ActiveCfg = Release|Win32
		{2E2AE26A-E20F-4033-92DB-727D5525F9D9}.MinSizeRel|x86.Build.0 = Release|Win32
		{2E2AE26A-E20F-4033-92DB-727D5525F9D9}.Release|x64.ActiveCfg = Release|x64
		{2E2AE26A-E20F-4033-92DB-727D5525F9D9}.Release|x64.Build.0 = Release|x64
		{2E2AE26A-E20F-4033-92DB-727D5525F9D9}.Release|x86.ActiveCfg = Release|Win32
		{2E2AE26A-E20F-4033-92DB-727D5525F9D9}.Release|x86.Build.0 = Release|Win32
		{2E2AE26A-E20F-4033-92DB-727D5525F9D9}.RelWithDebInfo|x64.ActiveCfg = Release|x64
		{2E2AE26A-E20F-4033-92DB-727D5525F9D9}.RelWithDebInfo|x64.Build.0 = Release|x64
		{2E2AE26A-E20F-4033-92DB-727D5525F9D9}.RelWithDebInfo|x86.ActiveCfg = Release|Win32
		{2E2AE26A-E20F-4033-92DB-727D5525F9D9}.RelWithDebInfo|x86.Build.0 = Release|Win32
		{D29C9A6E-1E80-4445-87B1-54612AC532F7}.Debug|x64.ActiveCfg = Debug|x64
		{D29C9A6E-1E80-4445-87B1-54612AC532F7}.Debug|x64.Build.0 = Debug|x64
		{D29C9A6E-1E80-4445-87B1-54612AC532F7}.Debug|x86.ActiveCfg = Debug|Win32
		{D29C9A6E-1E80-4445-87B1-54612AC532F7}.Debug|x86.Build.0 = Debug|Win32
		{D29C9A6E-1E80-4445-87B1-54612AC532F7}.MinSizeRel|x64.ActiveCfg = Release|x64
		{D29C9A6E-1E80-4445-87B1-54612AC532F7}.MinSizeRel|x64.Build.0 = Release|x64
		{D29C9A6E-1E80-4445-87B1-54612AC532F7}.MinSizeRel|x86.ActiveCfg = Release|Win32
		{D29C9A6E-1E80-4445-87B1-54612AC532F7}.MinSizeRel|x86.Build.0 = Release|Win32
		{D29C9A6E-1E80-4445-87B1-54612AC532F7}.Release|x64.ActiveCfg = Release|x64
		{D29C9A6E-1E80-4445-87B1-54612AC532F7}.Release|x64.Build.0 = Release|x64
		{D29C9A6E-1E80-4445-87B1-54612AC532F7}.Release|x86.ActiveCfg = Release|Win32
		{D29C9A6E-1E80-4445-87B1-54612AC532F7}.Release|x86.Build.0 = Release|Win32
		{D29C9A6E-1E80-4445-87B1-54612AC532F7}.RelWithDebInfo|x64.ActiveCfg = Release|x64
		{D29C9A6E-1E80-4445-87B1-54612AC532F7}.RelWithDebInfo|x64.Build.0 = Release|x64
		{D29C9A6E-1E80-4445-87B1-54612AC532F7}.RelWithDebInfo|x86.ActiveCfg = Release|Win32
		{D29C9A6E-1E80-4445-87B1-54612AC532F7}.RelWithDebInfo|x86.Build.0 = Release|Win32
		{C9894808-C674-45DC-8963-1002555CE1E9}.Debug|x64.ActiveCfg = Debug|x64
		{C9894808-C674-45DC-8963-1002555CE1E9}.Debug|x64.Build.0 = Debug|x64
		{C9894808-C674-45DC-8963-1002555CE1E9}.Debug|x86.ActiveCfg = Debug|Win32
		{C9894808-C674-45DC-8963-1002555CE1E9}.Debug|x86.Build.0 = Debug|Win32
		{C9894808-C674-45DC-8963-1002555CE1E9}.MinSizeRel|x64.ActiveCfg = Release|x64
		{C9894808-C674-45DC-8963-1002555CE1E9}.MinSizeRel|x64.Build.0 = Release|x64
		{C9894808-C674-45DC-8963-1002555CE1E9}.MinSizeRel|x86.ActiveCfg = Release|Win32
		{C9894808-C674-45DC-8963-1002555CE1E9}.MinSizeRel|x86.Build.0 = Release|Win32
		{C9894808-C674-45DC-8963-1002555CE1E9}.Release|x64.ActiveCfg = Release|x64
		{C9894808-C674-45DC-8963-1002555CE1E9}.Release|x64.Build.0 = Release|x64
		{C9894808-C674-45DC-8963-1002555CE1E9}.Release|x86.ActiveCfg = Release|Win32
		{C9894808-C674-45DC-8963-1002555CE1E9}.Release|x86.Build.0 = Release|Win32
		{C9894808-C674-45DC-8963-1002555CE1E9}.RelWithDebInfo|x64.ActiveCfg = Release|x64
		{C9894808-C674-45DC-8963-1002555CE1E9}.RelWithDebInfo|x64.Build.0 = Release|x64
		{C9894808-C674-45DC-8963-1002555CE1E9}.RelWithDebInfo|x86.ActiveCfg = Release|Win32
		{C9894808-C674-45DC-8963-1002555CE1E9}.RelWithDebInfo|x86.Build.0 = Release|Win32
		{C66516B4-D879-402F-A2E8-C732C352F8C1}.Debug|x64.ActiveCfg = Debug|x64
		{C66516B4-D879-402F-A2E8-C732C352F8C1}.Debug|x64.Build.0 = Debug|x64
		{C66516B4-D879-402F-A2E8-C732C352F8C1}.Debug|x86.ActiveCfg = Debug|Win32
		{C66516B4-D879-402F-A2E8-C732C352F8C1}.Debug|x86.Build.0 = Debug|Win32
		{C66516B4-D879-402F-A2E8-C732C352F8C1}.MinSizeRel|x64.ActiveCfg = Release|x64
		{C66516B4-D879-402F-A2E8-C732C352F8C1}.MinSizeRel|x64.Build.0 = Release|x64
		{C66516B4-D879-402F-A2E8-C732C352F8C1}.MinSizeRel|x86.ActiveCfg = Release|Win32
		{C66516B4-D879-402F-A2E8-C732C352F8C1}.MinSizeRel|x86.Build.0 = Release|Win32
		{C66516B4-D879-402F-A2E8-C732C352F8C1}.Release|x64.ActiveCfg = Release|x64
		{C66516B4-D879-402F-A2E8-C732C352F8C1}.Release|x64.Build.0 = Release|x64
		{C66516B4-D879-402F-A2E8-C732C352F8C1}.Release|x86.ActiveCfg = Release|Win32
		{C66516B4-D879-402F-A2E8-C732C352F8C1}.Release|x86.Build.0 = Release|Win32
		{C66516B4-D879-402F-A2E8-C732C352F8C1}.RelWithDebInfo|x64.ActiveCfg = Release|x64
		{C66516B4-D879-402F-A2E8-C732C352F8C1}.RelWithDebInfo|x64.Build.0 = Release|x64
		{C66516B4-D879-402F-A2E8-C732C352F8C1}.RelWithDebInfo|x86.ActiveCfg = Release|Win32
		{C66516B4-D879-402F-A2E8-C732C352F8C1}.RelWithDebInfo|x86.Build.0 = Release|Win32
		{1902A777-FEE8-429E-A92B-63F4DA79B8AD}.Debug|x64.ActiveCfg = Debug|x64
		{1902A777-FEE8-429E-A92B-63F4DA79B8AD}.Debug|x64.Build.0 = Debug|x64
		{1902A777-FEE8-429E-A92B-63F4DA79B8AD}.Debug|x86.ActiveCfg = Debug|Win32
		{1902A777-FEE8-429E-A92B-63F4DA79B8AD}.Debug|x86.Build.0 = Debug|Win32
		{1902A777-FEE8-429E-A92B-63F4DA79B8AD}.MinSizeRel|x64.ActiveCfg = Release|x64
		{1902A777-FEE8-429E-A92B-63F4DA79B8AD}.MinSizeRel|x64.Build.0 = Release|x64
		{1902A777-FEE8-429E-A92B-63F4DA79B8AD}.MinSizeRel|x86.ActiveCfg = Release|Win32
		{1902A777-FEE8-429E-A92B-63F4DA79B8AD}.MinSizeRel|x86.Build.0 = Release|Win32
		{1902A777-FEE8-429E-A92B-63F4DA79B8AD}.Release|x64.ActiveCfg = Release|x64
		{1902A777-FEE8-429E-A92B-63F4DA79B8AD}.Release|x64.Build.0 = Release|x64
		{1902A777-FEE8-429E-A92B-63F4DA79B8AD}.Release|x86.ActiveCfg = Release|Win32
		{1902A777-FEE8-429E-A92B-63F4DA79B8AD}.Release|x86.Build.0 = Release|Win32
		{1902A777-FEE8-429E-A92B-63F4DA79B8AD}.RelWithDebInfo|x64.ActiveCfg = Release|x64
		{1902A777-FEE8-429E-A92B-63F4DA79B8AD}.RelWithDebInfo|x64.Build.0 = Release|x64
		{1902A777-FEE8-429E-A92B-63F4DA79B8AD}.RelWithDebInfo|x86.ActiveCfg = Release|Win32
		{1902A777-FEE8-429E-A92B-63F4DA79B8AD}.RelWithDebInfo|x86.Build.0 = Release|Win32
		{58F6FD78-8D78-4A88-B3FA-81EF3AA14FDF}.Debug|x64.ActiveCfg = Debug|x64
		{58F6FD78-8D78-4A88-B3FA-81EF3AA14FDF}.Debug|x64.Build.0 = Debug|x64
		{58F6FD78-8D78-4A88-B3FA-81EF3AA14FDF}.Debug|x86.ActiveCfg = Debug|Win32
		{58F6FD78-8D78-4A88-B3FA-81EF3AA14FDF}.Debug|x86.Build.0 = Debug|Win32
		{58F6FD78-8D78-4A88-B3FA-81EF3AA14FDF}.MinSizeRel|x64.ActiveCfg = Release|x64
		{58F6FD78-8D78-4A88-B3FA-81EF3AA14FDF}.MinSizeRel|x64.Build.0 = Release|x64
		{58F6FD78-8D78-4A88-B3FA-81EF3AA14FDF}.MinSizeRel|x86.ActiveCfg = Release|Win32
		{58F6FD78-8D78-4A88-B3FA-81EF3AA14FDF}.MinSizeRel|x86.Build.0 = Release|Win32
		{58F6FD78-8D78-4A88-B3FA-81EF3AA14FDF}.Release|x64.ActiveCfg = Release|x64
		{58F6FD78-8D78-4A88-B3FA-81EF3AA14FDF}.Release|x64.Build.0 = Release|x64
		{58F6FD78-8D78-4A88-B3FA-81EF3AA14FDF}.Release|x86.ActiveCfg = Release|Win32
		{58F6FD78-8D78-4A88-B3FA-81EF3AA14FDF}.Release|x86.Build.0 = Release|Win32
		{58F6FD78-8D78-4A88-B3FA-81EF3AA14FDF}.RelWithDebInfo|x64.ActiveCfg = Release|x64
		{58F6FD78-8D78-4A88-B3FA-81EF3AA14FDF}.RelWithDebInfo|x64.Build.0 = Release|x64
		{58F6FD78-8D78-4A88-B3FA-81EF3AA14FDF}.RelWithDebInfo|x86.ActiveCfg = Release|Win32
		{58F6FD78-8D78-4A88-B3FA-81EF3AA14FDF}.RelWithDebInfo|x86.Build.0 = Release|Win32
		{39CFE93F-FA98-4383-B830-A0D31A960157}.Debug|x64.ActiveCfg = Debug|x64
		{39CFE93F-FA98-4383-B830-A0D31A960157}.Debug|x64.Build.0 = Debug|x64
		{39CFE93F-FA98-4383-B830-A0D31A960157}.Debug|x86.ActiveCfg = Debug|Win32
		{39CFE93F-FA98-4383-B830-A0D31A960157}.Debug|x86.Build.0 = Debug|Win32
		{39CFE93F-FA98-4383-B830-A0D31A960157}.MinSizeRel|x64.ActiveCfg = Release|x64
		{39CFE93F-FA98-4383-B830-A0D31A960157}.MinSizeRel|x64.Build.0 = Release|x64
		{39CFE93F-FA98-4383-B830-A0D31A960157}.MinSizeRel|x86.ActiveCfg = Release|Win32
		{39CFE93F-FA98-4383-B830-A0D31A960157}.MinSizeRel|x86.Build.0 = Release|Win32
		{39CFE93F-FA98-4383-B830-A0D31A960157}.Release|x64.ActiveCfg = Release|x64
		{39CFE93F-FA98-4383-B830-A0D31A960157}.Release|x64.Build.0 = Release|x64
		{39CFE93F-FA98-4383-B830-A0D31A960157}.Release|x86.ActiveCfg = Release|Win32
		{39CFE93F-FA98-4383-B830-A0D31A960157}.Release|x86.Build.0 = Release|Win32
		{39CFE93F-FA98-4383-B830-A0D31A960157}.RelWithDebInfo|x64.ActiveCfg = Release|x64
		{39CFE93F-FA98-4383-B830-A0D31A960157}.RelWithDebInfo|x64.Build.0 = Release|x64
		{39CFE93F-FA98-4383-B830-A0D31A960157}.RelWithDebInfo|x86.ActiveCfg = Release|Win32
		{39CFE93F-FA98-4383-B830-A0D31A960157}.RelWithDebInfo|x86.Build.0 = Release|Win32
		{362974A7-5987-4CD0-921A-867F7D4DD1CB}.Debug|x64.ActiveCfg = Debug|x64
		{362974A7-5987-4CD0-921A-867F7D4DD1CB}.Debug|x64.Build.0 = Debug|x64
		{362974A7-5987-4CD0-921A-867F7D4DD1CB}.Debug|x86.ActiveCfg = Debug|x64
		{362974A7-5987-4CD0-921A-867F7D4DD1CB}.MinSizeRel|x64.ActiveCfg = Release|x64
		{362974A7-5987-4CD0-921A-867F7D4DD1CB}.MinSizeRel|x64.Build.0 = Release|x64
		{362974A7-5987-4CD0-921A-867F7D4DD1CB}.MinSizeRel|x86.ActiveCfg = Release|x64
		{362974A7-5987-4CD0-921A-867F7D4DD1CB}.MinSizeRel|x86.Build.0 = Release|x64
		{362974A7-5987-4CD0-921A-867F7D4DD1CB}.Release|x64.ActiveCfg = Release|x64
		{362974A7-5987-4CD0-921A-867F7D4DD1CB}.Release|x64.Build.0 = Release|x64
		{362974A7-5987-4CD0-921A-867F7D4DD1CB}.Release|x86.ActiveCfg = Release|x64
		{362974A7-5987-4CD0-921A-867F7D4DD1CB}.RelWithDebInfo|x64.ActiveCfg = Release|x64
		{362974A7-5987-4CD0-921A-867F7D4DD1CB}.RelWithDebInfo|x64.Build.0 = Release|x64
		{362974A7-5987-4CD0-921A-867F7D4DD1CB}.RelWithDebInfo|x86.ActiveCfg = Release|x64
		{362974A7-5987-4CD0-921A-867F7D4DD1CB}.RelWithDebInfo|x86.Build.0 = Release|x64
	EndGlobalSection
	GlobalSection(SolutionProperties) = preSolution
		HideSolutionNode = FALSE
	EndGlobalSection
EndGlobal
