<?xml version="1.0" encoding="utf-8"?>
<Project ToolsVersion="4.0" xmlns="http://schemas.microsoft.com/developer/msbuild/2003">
  <ItemGroup>
    <Filter Include="Source Files">
      <UniqueIdentifier>{4FC737F1-C7A5-4376-A066-2A32D752A2FF}</UniqueIdentifier>
      <Extensions>cpp;c;cc;cxx;def;odl;idl;hpj;bat;asm;asmx</Extensions>
    </Filter>
    <Filter Include="Header Files">
      <UniqueIdentifier>{93995380-89BD-4b04-88EB-625FBE52EBFB}</UniqueIdentifier>
      <Extensions>h;hh;hpp;hxx;hm;inl;inc;xsd</Extensions>
    </Filter>
    <Filter Include="Resource Files">
      <UniqueIdentifier>{67DA6AB6-F800-4c08-8B7A-83BB121AAD01}</UniqueIdentifier>
      <Extensions>rc;ico;cur;bmp;dlg;rc2;rct;bin;rgs;gif;jpg;jpeg;jpe;resx;tiff;tif;png;wav;mfcribbon-ms</Extensions>
    </Filter>
    <Filter Include="Header Files\SFML">
      <UniqueIdentifier>{7ba50ba3-2581-46bd-acd1-8e096c5e8451}</UniqueIdentifier>
    </Filter>
    <Filter Include="Source Files\SFML">
      <UniqueIdentifier>{ff91ec76-9954-472a-be5d-05d3b089c1d7}</UniqueIdentifier>
    </Filter>
    <Filter Include="Source Files\SDL">
      <UniqueIdentifier>{47df8b94-134b-4562-84a0-6819d9ec3844}</UniqueIdentifier>
    </Filter>
    <Filter Include="Header Files\SDL">
      <UniqueIdentifier>{a4c3ba08-b9fd-41f3-b3f4-e94943914824}</UniqueIdentifier>
    </Filter>
  </ItemGroup>
  <ItemGroup>
    <ClInclude Include="stdafx.h">
      <Filter>Header Files</Filter>
    </ClInclude>
    <ClInclude Include="targetver.h">
      <Filter>Header Files</Filter>
    </ClInclude>
    <ClInclude Include="config.h">
      <Filter>Header Files</Filter>
    </ClInclude>
    <ClInclude Include="SFML\SFMLEvent.h">
      <Filter>Header Files\SFML</Filter>
    </ClInclude>
    <ClInclude Include="SFML\SFMLWindow.h">
      <Filter>Header Files\SFML</Filter>
    </ClInclude>
    <ClInclude Include="AbstractWindow.h">
      <Filter>Header Files</Filter>
    </ClInclude>
    <ClInclude Include="AbstractEvent.h">
      <Filter>Header Files</Filter>
    </ClInclude>
    <ClInclude Include="SDL\SDLEvent.h">
      <Filter>Header Files\SDL</Filter>
    </ClInclude>
    <ClInclude Include="SDL\SDLWindow.h">
      <Filter>Header Files\SDL</Filter>
    </ClInclude>
    <ClInclude Include="WindowEvent.h">
      <Filter>Header Files</Filter>
    </ClInclude>
  </ItemGroup>
  <ItemGroup>
    <ClCompile Include="stdafx.cpp">
      <Filter>Source Files</Filter>
    </ClCompile>
    <ClCompile Include="dllmain.cpp">
      <Filter>Source Files</Filter>
    </ClCompile>
    <ClCompile Include="SFML\SFMLWindow.cpp">
      <Filter>Source Files\SFML</Filter>
    </ClCompile>
    <ClCompile Include="SFML\SFMLEvent.cpp">
      <Filter>Source Files\SFML</Filter>
    </ClCompile>
    <ClCompile Include="SDL\SDLEvent.cpp">
      <Filter>Source Files\SDL</Filter>
    </ClCompile>
    <ClCompile Include="SDL\SDLWindow.cpp">
      <Filter>Source Files\SDL</Filter>
    </ClCompile>
  </ItemGroup>
</Project>