<?xml version="1.0" encoding="utf-8"?>
<Project ToolsVersion="4.0" xmlns="http://schemas.microsoft.com/developer/msbuild/2003">
  <ItemGroup>
    <Filter Include="Source Files">
      <UniqueIdentifier>{4FC737F1-C7A5-4376-A066-2A32D752A2FF}</UniqueIdentifier>
      <Extensions>cpp;c;cc;cxx;def;odl;idl;hpj;bat;asm;asmx</Extensions>
    </Filter>
    <Filter Include="Header Files">
      <UniqueIdentifier>{93995380-89BD-4b04-88EB-625FBE52EBFB}</UniqueIdentifier>
      <Extensions>h;hh;hpp;hxx;hm;inl;inc;xsd</Extensions>
    </Filter>
    <Filter Include="Header Files\Buffer">
      <UniqueIdentifier>{a00807c1-2936-4f78-9a0f-9f3c1c20809f}</UniqueIdentifier>
    </Filter>
    <Filter Include="Source Files\Buffer">
      <UniqueIdentifier>{7483cebe-9918-4c6b-9536-c3347980fc6b}</UniqueIdentifier>
    </Filter>
    <Filter Include="Header Files\Error">
      <UniqueIdentifier>{7ae9ffa7-c713-43ca-982d-eb8823ec3fd8}</UniqueIdentifier>
    </Filter>
    <Filter Include="Source Files\Error">
      <UniqueIdentifier>{0eb94777-f567-4683-9150-a7991a7a7bdd}</UniqueIdentifier>
    </Filter>
    <Filter Include="Header Files\Shader">
      <UniqueIdentifier>{f126ca38-2037-4583-9f30-622cb824eaf5}</UniqueIdentifier>
    </Filter>
    <Filter Include="Source Files\Shader">
      <UniqueIdentifier>{6c0412e7-fa19-41bd-8c45-7b2eb7b150a3}</UniqueIdentifier>
    </Filter>
    <Filter Include="Header Files\Texture">
      <UniqueIdentifier>{c7edbcf6-65f8-4340-9963-70d3820cabb8}</UniqueIdentifier>
    </Filter>
    <Filter Include="Source Files\Texture">
      <UniqueIdentifier>{c5180875-ad1e-45b7-a3b2-765dd327fce7}</UniqueIdentifier>
    </Filter>
    <Filter Include="Header Files\Renderer">
      <UniqueIdentifier>{d48ca72e-22fe-4a37-b403-21c8a4ac6530}</UniqueIdentifier>
    </Filter>
    <Filter Include="Source Files\Renderer">
      <UniqueIdentifier>{eda6d258-993c-4d08-ad6a-52807800ff9b}</UniqueIdentifier>
    </Filter>
  </ItemGroup>
  <ItemGroup>
    <ClInclude Include="stdafx.h">
      <Filter>Header Files</Filter>
    </ClInclude>
    <ClInclude Include="targetver.h">
      <Filter>Header Files</Filter>
    </ClInclude>
    <ClInclude Include="Buffer\AbstractBuffer.h">
      <Filter>Header Files\Buffer</Filter>
    </ClInclude>
    <ClInclude Include="Buffer\AbstractBufferObject.h">
      <Filter>Header Files\Buffer</Filter>
    </ClInclude>
    <ClInclude Include="Buffer\D3DBuffer.h">
      <Filter>Header Files\Buffer</Filter>
    </ClInclude>
    <ClInclude Include="Buffer\D3DBufferObject.h">
      <Filter>Header Files\Buffer</Filter>
    </ClInclude>
    <ClInclude Include="Buffer\GLBuffer.h">
      <Filter>Header Files\Buffer</Filter>
    </ClInclude>
    <ClInclude Include="Buffer\GLBufferObject.h">
      <Filter>Header Files\Buffer</Filter>
    </ClInclude>
    <ClInclude Include="Buffer\VerticesData.h">
      <Filter>Header Files\Buffer</Filter>
    </ClInclude>
    <ClInclude Include="Error\RHIError.h">
      <Filter>Header Files\Error</Filter>
    </ClInclude>
    <ClInclude Include="Shader\AbstractShader.h">
      <Filter>Header Files\Shader</Filter>
    </ClInclude>
    <ClInclude Include="Shader\D3DShader.h">
      <Filter>Header Files\Shader</Filter>
    </ClInclude>
    <ClInclude Include="Shader\GLShader.h">
      <Filter>Header Files\Shader</Filter>
    </ClInclude>
    <ClInclude Include="RHI.h">
      <Filter>Header Files</Filter>
    </ClInclude>
    <ClInclude Include="RHID3D.h">
      <Filter>Header Files</Filter>
    </ClInclude>
    <ClInclude Include="RHIOpenGL.h">
      <Filter>Header Files</Filter>
    </ClInclude>
    <ClInclude Include="config.h">
      <Filter>Header Files</Filter>
    </ClInclude>
    <ClInclude Include="Texture\AbstractTexture.h">
      <Filter>Header Files\Texture</Filter>
    </ClInclude>
    <ClInclude Include="Texture\D3DTexture.h">
      <Filter>Header Files\Texture</Filter>
    </ClInclude>
    <ClInclude Include="Texture\GLTexture.h">
      <Filter>Header Files\Texture</Filter>
    </ClInclude>
    <ClInclude Include="Renderer\AbstractRenderer.h">
      <Filter>Header Files\Renderer</Filter>
    </ClInclude>
    <ClInclude Include="Renderer\GLRenderer.h">
      <Filter>Header Files\Renderer</Filter>
    </ClInclude>
    <ClInclude Include="Renderer\D3DRenderer.h">
      <Filter>Header Files\Renderer</Filter>
    </ClInclude>
  </ItemGroup>
  <ItemGroup>
    <ClCompile Include="stdafx.cpp">
      <Filter>Source Files</Filter>
    </ClCompile>
    <ClCompile Include="Buffer\GLBuffer.cpp">
      <Filter>Source Files\Buffer</Filter>
    </ClCompile>
    <ClCompile Include="Buffer\GLBufferObject.cpp">
      <Filter>Source Files\Buffer</Filter>
    </ClCompile>
    <ClCompile Include="Buffer\VerticesData.cpp">
      <Filter>Source Files\Buffer</Filter>
    </ClCompile>
    <ClCompile Include="Error\RHIError.cpp">
      <Filter>Source Files\Error</Filter>
    </ClCompile>
    <ClCompile Include="Shader\D3DShader.cpp">
      <Filter>Source Files\Shader</Filter>
    </ClCompile>
    <ClCompile Include="Shader\GLShader.cpp">
      <Filter>Source Files\Shader</Filter>
    </ClCompile>
    <ClCompile Include="RHI.cpp">
      <Filter>Source Files</Filter>
    </ClCompile>
    <ClCompile Include="Texture\GLTexture.cpp">
      <Filter>Source Files\Texture</Filter>
    </ClCompile>
    <ClCompile Include="Renderer\GLRenderer.cpp">
      <Filter>Source Files\Renderer</Filter>
    </ClCompile>
  </ItemGroup>
</Project>